// !$*UTF8*$!
{
	archiveVersion = 1;
	classes = {
	};
	objectVersion = 46;
	objects = {

/* Begin PBXBuildFile section */
		8FA816AE1C4E0A0800F47DDD /* main.m in Sources */ = {isa = PBXBuildFile; fileRef = 8FA816AD1C4E0A0800F47DDD /* main.m */; };
		8FA816B11C4E0A0800F47DDD /* AppDelegate.m in Sources */ = {isa = PBXBuildFile; fileRef = 8FA816B01C4E0A0800F47DDD /* AppDelegate.m */; };
		8FA816B91C4E0A0800F47DDD /* Images.xcassets in Resources */ = {isa = PBXBuildFile; fileRef = 8FA816B81C4E0A0800F47DDD /* Images.xcassets */; };
		8FA816BC1C4E0A0800F47DDD /* LaunchScreen.xib in Resources */ = {isa = PBXBuildFile; fileRef = 8FA816BA1C4E0A0800F47DDD /* LaunchScreen.xib */; };
		8FA816C81C4E0A0900F47DDD /* _2_UIButton__Tests.m in Sources */ = {isa = PBXBuildFile; fileRef = 8FA816C71C4E0A0900F47DDD /* _2_UIButton__Tests.m */; };
/* End PBXBuildFile section */

/* Begin PBXContainerItemProxy section */
		8FA816C21C4E0A0900F47DDD /* PBXContainerItemProxy */ = {
			isa = PBXContainerItemProxy;
			containerPortal = 8FA816A01C4E0A0800F47DDD /* Project object */;
			proxyType = 1;
			remoteGlobalIDString = 8FA816A71C4E0A0800F47DDD;
			remoteInfo = "02-UIButton组件";
		};
/* End PBXContainerItemProxy section */

/* Begin PBXFileReference section */
		8FA816A81C4E0A0800F47DDD /* 02-UIButton组件.app */ = {isa = PBXFileReference; explicitFileType = wrapper.application; includeInIndex = 0; path = "02-UIButton组件.app"; sourceTree = BUILT_PRODUCTS_DIR; };
		8FA816AC1C4E0A0800F47DDD /* Info.plist */ = {isa = PBXFileReference; lastKnownFileType = text.plist.xml; path = Info.plist; sourceTree = "<group>"; };
		8FA816AD1C4E0A0800F47DDD /* main.m */ = {isa = PBXFileReference; lastKnownFileType = sourcecode.c.objc; path = main.m; sourceTree = "<group>"; };
		8FA816AF1C4E0A0800F47DDD /* AppDelegate.h */ = {isa = PBXFileReference; lastKnownFileType = sourcecode.c.h; path = AppDelegate.h; sourceTree = "<group>"; };
		8FA816B01C4E0A0800F47DDD /* AppDelegate.m */ = {isa = PBXFileReference; lastKnownFileType = sourcecode.c.objc; path = AppDelegate.m; sourceTree = "<group>"; };
		8FA816B81C4E0A0800F47DDD /* Images.xcassets */ = {isa = PBXFileReference; lastKnownFileType = folder.assetcatalog; path = Images.xcassets; sourceTree = "<group>"; };
		8FA816BB1C4E0A0800F47DDD /* Base */ = {isa = PBXFileReference; lastKnownFileType = file.xib; name = Base; path = Base.lproj/LaunchScreen.xib; sourceTree = "<group>"; };
		8FA816C11C4E0A0900F47DDD /* 02-UIButton组件Tests.xctest */ = {isa = PBXFileReference; explicitFileType = wrapper.cfbundle; includeInIndex = 0; path = "02-UIButton组件Tests.xctest"; sourceTree = BUILT_PRODUCTS_DIR; };
		8FA816C61C4E0A0900F47DDD /* Info.plist */ = {isa = PBXFileReference; lastKnownFileType = text.plist.xml; path = Info.plist; sourceTree = "<group>"; };
		8FA816C71C4E0A0900F47DDD /* _2_UIButton__Tests.m */ = {isa = PBXFileReference; lastKnownFileType = sourcecode.c.objc; path = _2_UIButton__Tests.m; sourceTree = "<group>"; };
/* End PBXFileReference section */

/* Begin PBXFrameworksBuildPhase section */
		8FA816A51C4E0A0800F47DDD /* Frameworks */ = {
			isa = PBXFrameworksBuildPhase;
			buildActionMask = 2147483647;
			files = (
			);
			runOnlyForDeploymentPostprocessing = 0;
		};
		8FA816BE1C4E0A0900F47DDD /* Frameworks */ = {
			isa = PBXFrameworksBuildPhase;
			buildActionMask = 2147483647;
			files = (
			);
			runOnlyForDeploymentPostprocessing = 0;
		};
/* End PBXFrameworksBuildPhase section */

/* Begin PBXGroup section */
		8FA8169F1C4E0A0800F47DDD = {
			isa = PBXGroup;
			children = (
				8FA816AA1C4E0A0800F47DDD /* 02-UIButton组件 */,
				8FA816C41C4E0A0900F47DDD /* 02-UIButton组件Tests */,
				8FA816A91C4E0A0800F47DDD /* Products */,
			);
			sourceTree = "<group>";
		};
		8FA816A91C4E0A0800F47DDD /* Products */ = {
			isa = PBXGroup;
			children = (
				8FA816A81C4E0A0800F47DDD /* 02-UIButton组件.app */,
				8FA816C11C4E0A0900F47DDD /* 02-UIButton组件Tests.xctest */,
			);
			name = Products;
			sourceTree = "<group>";
		};
		8FA816AA1C4E0A0800F47DDD /* 02-UIButton组件 */ = {
			isa = PBXGroup;
			children = (
				8FA816AF1C4E0A0800F47DDD /* AppDelegate.h */,
				8FA816B01C4E0A0800F47DDD /* AppDelegate.m */,
				8FA816B81C4E0A0800F47DDD /* Images.xcassets */,
				8FA816BA1C4E0A0800F47DDD /* LaunchScreen.xib */,
				8FA816AB1C4E0A0800F47DDD /* Supporting Files */,
			);
			path = "02-UIButton组件";
			sourceTree = "<group>";
		};
		8FA816AB1C4E0A0800F47DDD /* Supporting Files */ = {
			isa = PBXGroup;
			children = (
				8FA816AC1C4E0A0800F47DDD /* Info.plist */,
				8FA816AD1C4E0A0800F47DDD /* main.m */,
			);
			name = "Supporting Files";
			sourceTree = "<group>";
		};
		8FA816C41C4E0A0900F47DDD /* 02-UIButton组件Tests */ = {
			isa = PBXGroup;
			children = (
				8FA816C71C4E0A0900F47DDD /* _2_UIButton__Tests.m */,
				8FA816C51C4E0A0900F47DDD /* Supporting Files */,
			);
			path = "02-UIButton组件Tests";
			sourceTree = "<group>";
		};
		8FA816C51C4E0A0900F47DDD /* Supporting Files */ = {
			isa = PBXGroup;
			children = (
				8FA816C61C4E0A0900F47DDD /* Info.plist */,
			);
			name = "Supporting Files";
			sourceTree = "<group>";
		};
/* End PBXGroup section */

/* Begin PBXNativeTarget section */
		8FA816A71C4E0A0800F47DDD /* 02-UIButton组件 */ = {
			isa = PBXNativeTarget;
			buildConfigurationList = 8FA816CB1C4E0A0900F47DDD /* Build configuration list for PBXNativeTarget "02-UIButton组件" */;
			buildPhases = (
				8FA816A41C4E0A0800F47DDD /* Sources */,
				8FA816A51C4E0A0800F47DDD /* Frameworks */,
				8FA816A61C4E0A0800F47DDD /* Resources */,
			);
			buildRules = (
			);
			dependencies = (
			);
			name = "02-UIButton组件";
			productName = "02-UIButton组件";
			productReference = 8FA816A81C4E0A0800F47DDD /* 02-UIButton组件.app */;
			productType = "com.apple.product-type.application";
		};
		8FA816C01C4E0A0900F47DDD /* 02-UIButton组件Tests */ = {
			isa = PBXNativeTarget;
			buildConfigurationList = 8FA816CE1C4E0A0900F47DDD /* Build configuration list for PBXNativeTarget "02-UIButton组件Tests" */;
			buildPhases = (
				8FA816BD1C4E0A0900F47DDD /* Sources */,
				8FA816BE1C4E0A0900F47DDD /* Frameworks */,
				8FA816BF1C4E0A0900F47DDD /* Resources */,
			);
			buildRules = (
			);
			dependencies = (
				8FA816C31C4E0A0900F47DDD /* PBXTargetDependency */,
			);
			name = "02-UIButton组件Tests";
			productName = "02-UIButton组件Tests";
			productReference = 8FA816C11C4E0A0900F47DDD /* 02-UIButton组件Tests.xctest */;
			productType = "com.apple.product-type.bundle.unit-test";
		};
/* End PBXNativeTarget section */

/* Begin PBXProject section */
		8FA816A01C4E0A0800F47DDD /* Project object */ = {
			isa = PBXProject;
			attributes = {
				LastUpgradeCheck = 0640;
				ORGANIZATIONNAME = "百度移动事业部";
				TargetAttributes = {
					8FA816A71C4E0A0800F47DDD = {
						CreatedOnToolsVersion = 6.4;
					};
					8FA816C01C4E0A0900F47DDD = {
						CreatedOnToolsVersion = 6.4;
						TestTargetID = 8FA816A71C4E0A0800F47DDD;
					};
				};
			};
			buildConfigurationList = 8FA816A31C4E0A0800F47DDD /* Build configuration list for PBXProject "02-UIButton组件" */;
			compatibilityVersion = "Xcode 3.2";
			developmentRegion = English;
			hasScannedForEncodings = 0;
			knownRegions = (
				en,
				Base,
			);
			mainGroup = 8FA8169F1C4E0A0800F47DDD;
			productRefGroup = 8FA816A91C4E0A0800F47DDD /* Products */;
			projectDirPath = "";
			projectRoot = "";
			targets = (
				8FA816A71C4E0A0800F47DDD /* 02-UIButton组件 */,
				8FA816C01C4E0A0900F47DDD /* 02-UIButton组件Tests */,
			);
		};
/* End PBXProject section */

/* Begin PBXResourcesBuildPhase section */
		8FA816A61C4E0A0800F47DDD /* Resources */ = {
			isa = PBXResourcesBuildPhase;
			buildActionMask = 2147483647;
			files = (
				8FA816BC1C4E0A0800F47DDD /* LaunchScreen.xib in Resources */,
				8FA816B91C4E0A0800F47DDD /* Images.xcassets in Resources */,
			);
			runOnlyForDeploymentPostprocessing = 0;
		};
		8FA816BF1C4E0A0900F47DDD /* Resources */ = {
			isa = PBXResourcesBuildPhase;
			buildActionMask = 2147483647;
			files = (
			);
			runOnlyForDeploymentPostprocessing = 0;
		};
/* End PBXResourcesBuildPhase section */

/* Begin PBXSourcesBuildPhase section */
		8FA816A41C4E0A0800F47DDD /* Sources */ = {
			isa = PBXSourcesBuildPhase;
			buildActionMask = 2147483647;
			files = (
				8FA816B11C4E0A0800F47DDD /* AppDelegate.m in Sources */,
				8FA816AE1C4E0A0800F47DDD /* main.m in Sources */,
			);
			runOnlyForDeploymentPostprocessing = 0;
		};
		8FA816BD1C4E0A0900F47DDD /* Sources */ = {
			isa = PBXSourcesBuildPhase;
			buildActionMask = 2147483647;
			files = (
				8FA816C81C4E0A0900F47DDD /* _2_UIButton__Tests.m in Sources */,
			);
			runOnlyForDeploymentPostprocessing = 0;
		};
/* End PBXSourcesBuildPhase section */

/* Begin PBXTargetDependency section */
		8FA816C31C4E0A0900F47DDD /* PBXTargetDependency */ = {
			isa = PBXTargetDependency;
			target = 8FA816A71C4E0A0800F47DDD /* 02-UIButton组件 */;
			targetProxy = 8FA816C21C4E0A0900F47DDD /* PBXContainerItemProxy */;
		};
/* End PBXTargetDependency section */

/* Begin PBXVariantGroup section */
		8FA816BA1C4E0A0800F47DDD /* LaunchScreen.xib */ = {
			isa = PBXVariantGroup;
			children = (
				8FA816BB1C4E0A0800F47DDD /* Base */,
			);
			name = LaunchScreen.xib;
			sourceTree = "<group>";
		};
/* End PBXVariantGroup section */

/* Begin XCBuildConfiguration section */
		8FA816C91C4E0A0900F47DDD /* Debug */ = {
			isa = XCBuildConfiguration;
			buildSettings = {
				ALWAYS_SEARCH_USER_PATHS = NO;
				CLANG_CXX_LANGUAGE_STANDARD = "gnu++0x";
				CLANG_CXX_LIBRARY = "libc++";
				CLANG_ENABLE_MODULES = YES;
				CLANG_ENABLE_OBJC_ARC = YES;
				CLANG_WARN_BOOL_CONVERSION = YES;
				CLANG_WARN_CONSTANT_CONVERSION = YES;
				CLANG_WARN_DIRECT_OBJC_ISA_USAGE = YES_ERROR;
				CLANG_WARN_EMPTY_BODY = YES;
				CLANG_WARN_ENUM_CONVERSION = YES;
				CLANG_WARN_INT_CONVERSION = YES;
				CLANG_WARN_OBJC_ROOT_CLASS = YES_ERROR;
				CLANG_WARN_UNREACHABLE_CODE = YES;
				CLANG_WARN__DUPLICATE_METHOD_MATCH = YES;
				"CODE_SIGN_IDENTITY[sdk=iphoneos*]" = "iPhone Developer";
				COPY_PHASE_STRIP = NO;
				DEBUG_INFORMATION_FORMAT = "dwarf-with-dsym";
				ENABLE_STRICT_OBJC_MSGSEND = YES;
				GCC_C_LANGUAGE_STANDARD = gnu99;
				GCC_DYNAMIC_NO_PIC = NO;
				GCC_NO_COMMON_BLOCKS = YES;
				GCC_OPTIMIZATION_LEVEL = 0;
				GCC_PREPROCESSOR_DEFINITIONS = (
					"DEBUG=1",
					"$(inherited)",
				);
				GCC_SYMBOLS_PRIVATE_EXTERN = NO;
				GCC_WARN_64_TO_32_BIT_CONVERSION = YES;
				GCC_WARN_ABOUT_RETURN_TYPE = YES_ERROR;
				GCC_WARN_UNDECLARED_SELECTOR = YES;
				GCC_WARN_UNINITIALIZED_AUTOS = YES_AGGRESSIVE;
				GCC_WARN_UNUSED_FUNCTION = YES;
				GCC_WARN_UNUSED_VARIABLE = YES;
				IPHONEOS_DEPLOYMENT_TARGET = 8.4;
				MTL_ENABLE_DEBUG_INFO = YES;
				ONLY_ACTIVE_ARCH = YES;
				SDKROOT = iphoneos;
			};
			name = Debug;
		};
		8FA816CA1C4E0A0900F47DDD /* Release */ = {
			isa = XCBuildConfiguration;
			buildSettings = {
				ALWAYS_SEARCH_USER_PATHS = NO;
				CLANG_CXX_LANGUAGE_STANDARD = "gnu++0x";
				CLANG_CXX_LIBRARY = "libc++";
				CLANG_ENABLE_MODULES = YES;
				CLANG_ENABLE_OBJC_ARC = YES;
				CLANG_WARN_BOOL_CONVERSION = YES;
				CLANG_WARN_CONSTANT_CONVERSION = YES;
				CLANG_WARN_DIRECT_OBJC_ISA_USAGE = YES_ERROR;
				CLANG_WARN_EMPTY_BODY = YES;
				CLANG_WARN_ENUM_CONVERSION = YES;
				CLANG_WARN_INT_CONVERSION = YES;
				CLANG_WARN_OBJC_ROOT_CLASS = YES_ERROR;
				CLANG_WARN_UNREACHABLE_CODE = YES;
				CLANG_WARN__DUPLICATE_METHOD_MATCH = YES;
				"CODE_SIGN_IDENTITY[sdk=iphoneos*]" = "iPhone Developer";
				COPY_PHASE_STRIP = NO;
				DEBUG_INFORMATION_FORMAT = "dwarf-with-dsym";
				ENABLE_NS_ASSERTIONS = NO;
				ENABLE_STRICT_OBJC_MSGSEND = YES;
				GCC_C_LANGUAGE_STANDARD = gnu99;
				GCC_NO_COMMON_BLOCKS = YES;
				GCC_WARN_64_TO_32_BIT_CONVERSION = YES;
				GCC_WARN_ABOUT_RETURN_TYPE = YES_ERROR;
				GCC_WARN_UNDECLARED_SELECTOR = YES;
				GCC_WARN_UNINITIALIZED_AUTOS = YES_AGGRESSIVE;
				GCC_WARN_UNUSED_FUNCTION = YES;
				GCC_WARN_UNUSED_VARIABLE = YES;
				IPHONEOS_DEPLOYMENT_TARGET = 8.4;
				MTL_ENABLE_DEBUG_INFO = NO;
				SDKROOT = iphoneos;
				VALIDATE_PRODUCT = YES;
			};
			name = Release;
		};
		8FA816CC1C4E0A0900F47DDD /* Debug */ = {
			isa = XCBuildConfiguration;
			buildSettings = {
				ASSETCATALOG_COMPILER_APPICON_NAME = AppIcon;
				INFOPLIST_FILE = "02-UIButton组件/Info.plist";
				LD_RUNPATH_SEARCH_PATHS = "$(inherited) @executable_path/Frameworks";
				PRODUCT_NAME = "$(TARGET_NAME)";
			};
			name = Debug;
		};
		8FA816CD1C4E0A0900F47DDD /* Release */ = {
			isa = XCBuildConfiguration;
			buildSettings = {
				ASSETCATALOG_COMPILER_APPICON_NAME = AppIcon;
				INFOPLIST_FILE = "02-UIButton组件/Info.plist";
				LD_RUNPATH_SEARCH_PATHS = "$(inherited) @executable_path/Frameworks";
				PRODUCT_NAME = "$(TARGET_NAME)";
			};
			name = Release;
		};
		8FA816CF1C4E0A0900F47DDD /* Debug */ = {
			isa = XCBuildConfiguration;
			buildSettings = {
				BUNDLE_LOADER = "$(TEST_HOST)";
				FRAMEWORK_SEARCH_PATHS = (
					"$(SDKROOT)/Developer/Library/Frameworks",
					"$(inherited)",
				);
				GCC_PREPROCESSOR_DEFINITIONS = (
					"DEBUG=1",
					"$(inherited)",
				);
				INFOPLIST_FILE = "02-UIButton组件Tests/Info.plist";
				LD_RUNPATH_SEARCH_PATHS = "$(inherited) @executable_path/Frameworks @loader_path/Frameworks";
				PRODUCT_NAME = "$(TARGET_NAME)";
				TEST_HOST = "$(BUILT_PRODUCTS_DIR)/02-UIButton组件.app/02-UIButton组件";
			};
			name = Debug;
		};
		8FA816D01C4E0A0900F47DDD /* Release */ = {
			isa = XCBuildConfiguration;
			buildSettings = {
				BUNDLE_LOADER = "$(TEST_HOST)";
				FRAMEWORK_SEARCH_PATHS = (
					"$(SDKROOT)/Developer/Library/Frameworks",
					"$(inherited)",
				);
				INFOPLIST_FILE = "02-UIButton组件Tests/Info.plist";
				LD_RUNPATH_SEARCH_PATHS = "$(inherited) @executable_path/Frameworks @loader_path/Frameworks";
				PRODUCT_NAME = "$(TARGET_NAME)";
				TEST_HOST = "$(BUILT_PRODUCTS_DIR)/02-UIButton组件.app/02-UIButton组件";
			};
			name = Release;
		};
/* End XCBuildConfiguration section */

/* Begin XCConfigurationList section */
		8FA816A31C4E0A0800F47DDD /* Build configuration list for PBXProject "02-UIButton组件" */ = {
			isa = XCConfigurationList;
			buildConfigurations = (
				8FA816C91C4E0A0900F47DDD /* Debug */,
				8FA816CA1C4E0A0900F47DDD /* Release */,
			);
			defaultConfigurationIsVisible = 0;
			defaultConfigurationName = Release;
		};
		8FA816CB1C4E0A0900F47DDD /* Build configuration list for PBXNativeTarget "02-UIButton组件" */ = {
			isa = XCConfigurationList;
			buildConfigurations = (
				8FA816CC1C4E0A0900F47DDD /* Debug */,
				8FA816CD1C4E0A0900F47DDD /* Release */,
			);
			defaultConfigurationIsVisible = 0;
		};
		8FA816CE1C4E0A0900F47DDD /* Build configuration list for PBXNativeTarget "02-UIButton组件Tests" */ = {
			isa = XCConfigurationList;
			buildConfigurations = (
				8FA816CF1C4E0A0900F47DDD /* Debug */,
				8FA816D01C4E0A0900F47DDD /* Release */,
			);
			defaultConfigurationIsVisible = 0;
		};
/* End XCConfigurationList section */
	};
	rootObject = 8FA816A01C4E0A0800F47DDD /* Project object */;
}
