// !$*UTF8*$!
{
	archiveVersion = 1;
	classes = {
	};
	objectVersion = 46;
	objects = {

/* Begin PBXBuildFile section */
		8FA816E51C4E1EFD00F47DDD /* main.m in Sources */ = {isa = PBXBuildFile; fileRef = 8FA816E41C4E1EFD00F47DDD /* main.m */; };
		8FA816E81C4E1EFD00F47DDD /* AppDelegate.m in Sources */ = {isa = PBXBuildFile; fileRef = 8FA816E71C4E1EFD00F47DDD /* AppDelegate.m */; };
		8FA816F01C4E1EFD00F47DDD /* Images.xcassets in Resources */ = {isa = PBXBuildFile; fileRef = 8FA816EF1C4E1EFD00F47DDD /* Images.xcassets */; };
		8FA816F31C4E1EFD00F47DDD /* LaunchScreen.xib in Resources */ = {isa = PBXBuildFile; fileRef = 8FA816F11C4E1EFD00F47DDD /* LaunchScreen.xib */; };
		8FA816FF1C4E1EFD00F47DDD /* _3_UIView_UIViewController____Tests.m in Sources */ = {isa = PBXBuildFile; fileRef = 8FA816FE1C4E1EFD00F47DDD /* _3_UIView_UIViewController____Tests.m */; };
		8FA8170A1C4E256300F47DDD /* GPBookListViewController.m in Sources */ = {isa = PBXBuildFile; fileRef = 8FA817091C4E256300F47DDD /* GPBookListViewController.m */; };
/* End PBXBuildFile section */

/* Begin PBXContainerItemProxy section */
		8FA816F91C4E1EFD00F47DDD /* PBXContainerItemProxy */ = {
			isa = PBXContainerItemProxy;
			containerPortal = 8FA816D71C4E1EFD00F47DDD /* Project object */;
			proxyType = 1;
			remoteGlobalIDString = 8FA816DE1C4E1EFD00F47DDD;
			remoteInfo = "03-UIView与UIViewController基本概念";
		};
/* End PBXContainerItemProxy section */

/* Begin PBXFileReference section */
		8FA816DF1C4E1EFD00F47DDD /* 03-UIView与UIViewController基本概念.app */ = {isa = PBXFileReference; explicitFileType = wrapper.application; includeInIndex = 0; path = "03-UIView与UIViewController基本概念.app"; sourceTree = BUILT_PRODUCTS_DIR; };
		8FA816E31C4E1EFD00F47DDD /* Info.plist */ = {isa = PBXFileReference; lastKnownFileType = text.plist.xml; path = Info.plist; sourceTree = "<group>"; };
		8FA816E41C4E1EFD00F47DDD /* main.m */ = {isa = PBXFileReference; lastKnownFileType = sourcecode.c.objc; path = main.m; sourceTree = "<group>"; };
		8FA816E61C4E1EFD00F47DDD /* AppDelegate.h */ = {isa = PBXFileReference; lastKnownFileType = sourcecode.c.h; path = AppDelegate.h; sourceTree = "<group>"; };
		8FA816E71C4E1EFD00F47DDD /* AppDelegate.m */ = {isa = PBXFileReference; lastKnownFileType = sourcecode.c.objc; path = AppDelegate.m; sourceTree = "<group>"; };
		8FA816EF1C4E1EFD00F47DDD /* Images.xcassets */ = {isa = PBXFileReference; lastKnownFileType = folder.assetcatalog; path = Images.xcassets; sourceTree = "<group>"; };
		8FA816F21C4E1EFD00F47DDD /* Base */ = {isa = PBXFileReference; lastKnownFileType = file.xib; name = Base; path = Base.lproj/LaunchScreen.xib; sourceTree = "<group>"; };
		8FA816F81C4E1EFD00F47DDD /* 03-UIView与UIViewController基本概念Tests.xctest */ = {isa = PBXFileReference; explicitFileType = wrapper.cfbundle; includeInIndex = 0; path = "03-UIView与UIViewController基本概念Tests.xctest"; sourceTree = BUILT_PRODUCTS_DIR; };
		8FA816FD1C4E1EFD00F47DDD /* Info.plist */ = {isa = PBXFileReference; lastKnownFileType = text.plist.xml; path = Info.plist; sourceTree = "<group>"; };
		8FA816FE1C4E1EFD00F47DDD /* _3_UIView_UIViewController____Tests.m */ = {isa = PBXFileReference; lastKnownFileType = sourcecode.c.objc; path = "_3_UIView_UIViewController____Tests.m"; sourceTree = "<group>"; };
		8FA817081C4E256300F47DDD /* GPBookListViewController.h */ = {isa = PBXFileReference; fileEncoding = 4; lastKnownFileType = sourcecode.c.h; path = GPBookListViewController.h; sourceTree = "<group>"; };
		8FA817091C4E256300F47DDD /* GPBookListViewController.m */ = {isa = PBXFileReference; fileEncoding = 4; lastKnownFileType = sourcecode.c.objc; path = GPBookListViewController.m; sourceTree = "<group>"; };
/* End PBXFileReference section */

/* Begin PBXFrameworksBuildPhase section */
		8FA816DC1C4E1EFD00F47DDD /* Frameworks */ = {
			isa = PBXFrameworksBuildPhase;
			buildActionMask = 2147483647;
			files = (
			);
			runOnlyForDeploymentPostprocessing = 0;
		};
		8FA816F51C4E1EFD00F47DDD /* Frameworks */ = {
			isa = PBXFrameworksBuildPhase;
			buildActionMask = 2147483647;
			files = (
			);
			runOnlyForDeploymentPostprocessing = 0;
		};
/* End PBXFrameworksBuildPhase section */

/* Begin PBXGroup section */
		8FA816D61C4E1EFD00F47DDD = {
			isa = PBXGroup;
			children = (
				8FA816E11C4E1EFD00F47DDD /* 03-UIView与UIViewController基本概念 */,
				8FA816FB1C4E1EFD00F47DDD /* 03-UIView与UIViewController基本概念Tests */,
				8FA816E01C4E1EFD00F47DDD /* Products */,
			);
			sourceTree = "<group>";
		};
		8FA816E01C4E1EFD00F47DDD /* Products */ = {
			isa = PBXGroup;
			children = (
				8FA816DF1C4E1EFD00F47DDD /* 03-UIView与UIViewController基本概念.app */,
				8FA816F81C4E1EFD00F47DDD /* 03-UIView与UIViewController基本概念Tests.xctest */,
			);
			name = Products;
			sourceTree = "<group>";
		};
		8FA816E11C4E1EFD00F47DDD /* 03-UIView与UIViewController基本概念 */ = {
			isa = PBXGroup;
			children = (
				8FA816E61C4E1EFD00F47DDD /* AppDelegate.h */,
				8FA816E71C4E1EFD00F47DDD /* AppDelegate.m */,
				8FA817081C4E256300F47DDD /* GPBookListViewController.h */,
				8FA817091C4E256300F47DDD /* GPBookListViewController.m */,
				8FA816EF1C4E1EFD00F47DDD /* Images.xcassets */,
				8FA816F11C4E1EFD00F47DDD /* LaunchScreen.xib */,
				8FA816E21C4E1EFD00F47DDD /* Supporting Files */,
			);
			path = "03-UIView与UIViewController基本概念";
			sourceTree = "<group>";
		};
		8FA816E21C4E1EFD00F47DDD /* Supporting Files */ = {
			isa = PBXGroup;
			children = (
				8FA816E31C4E1EFD00F47DDD /* Info.plist */,
				8FA816E41C4E1EFD00F47DDD /* main.m */,
			);
			name = "Supporting Files";
			sourceTree = "<group>";
		};
		8FA816FB1C4E1EFD00F47DDD /* 03-UIView与UIViewController基本概念Tests */ = {
			isa = PBXGroup;
			children = (
				8FA816FE1C4E1EFD00F47DDD /* _3_UIView_UIViewController____Tests.m */,
				8FA816FC1C4E1EFD00F47DDD /* Supporting Files */,
			);
			path = "03-UIView与UIViewController基本概念Tests";
			sourceTree = "<group>";
		};
		8FA816FC1C4E1EFD00F47DDD /* Supporting Files */ = {
			isa = PBXGroup;
			children = (
				8FA816FD1C4E1EFD00F47DDD /* Info.plist */,
			);
			name = "Supporting Files";
			sourceTree = "<group>";
		};
/* End PBXGroup section */

/* Begin PBXNativeTarget section */
		8FA816DE1C4E1EFD00F47DDD /* 03-UIView与UIViewController基本概念 */ = {
			isa = PBXNativeTarget;
			buildConfigurationList = 8FA817021C4E1EFD00F47DDD /* Build configuration list for PBXNativeTarget "03-UIView与UIViewController基本概念" */;
			buildPhases = (
				8FA816DB1C4E1EFD00F47DDD /* Sources */,
				8FA816DC1C4E1EFD00F47DDD /* Frameworks */,
				8FA816DD1C4E1EFD00F47DDD /* Resources */,
			);
			buildRules = (
			);
			dependencies = (
			);
			name = "03-UIView与UIViewController基本概念";
			productName = "03-UIView与UIViewController基本概念";
			productReference = 8FA816DF1C4E1EFD00F47DDD /* 03-UIView与UIViewController基本概念.app */;
			productType = "com.apple.product-type.application";
		};
		8FA816F71C4E1EFD00F47DDD /* 03-UIView与UIViewController基本概念Tests */ = {
			isa = PBXNativeTarget;
			buildConfigurationList = 8FA817051C4E1EFD00F47DDD /* Build configuration list for PBXNativeTarget "03-UIView与UIViewController基本概念Tests" */;
			buildPhases = (
				8FA816F41C4E1EFD00F47DDD /* Sources */,
				8FA816F51C4E1EFD00F47DDD /* Frameworks */,
				8FA816F61C4E1EFD00F47DDD /* Resources */,
			);
			buildRules = (
			);
			dependencies = (
				8FA816FA1C4E1EFD00F47DDD /* PBXTargetDependency */,
			);
			name = "03-UIView与UIViewController基本概念Tests";
			productName = "03-UIView与UIViewController基本概念Tests";
			productReference = 8FA816F81C4E1EFD00F47DDD /* 03-UIView与UIViewController基本概念Tests.xctest */;
			productType = "com.apple.product-type.bundle.unit-test";
		};
/* End PBXNativeTarget section */

/* Begin PBXProject section */
		8FA816D71C4E1EFD00F47DDD /* Project object */ = {
			isa = PBXProject;
			attributes = {
				LastUpgradeCheck = 0640;
				ORGANIZATIONNAME = "百度移动事业部";
				TargetAttributes = {
					8FA816DE1C4E1EFD00F47DDD = {
						CreatedOnToolsVersion = 6.4;
					};
					8FA816F71C4E1EFD00F47DDD = {
						CreatedOnToolsVersion = 6.4;
						TestTargetID = 8FA816DE1C4E1EFD00F47DDD;
					};
				};
			};
			buildConfigurationList = 8FA816DA1C4E1EFD00F47DDD /* Build configuration list for PBXProject "03-UIView与UIViewController基本概念" */;
			compatibilityVersion = "Xcode 3.2";
			developmentRegion = English;
			hasScannedForEncodings = 0;
			knownRegions = (
				en,
				Base,
			);
			mainGroup = 8FA816D61C4E1EFD00F47DDD;
			productRefGroup = 8FA816E01C4E1EFD00F47DDD /* Products */;
			projectDirPath = "";
			projectRoot = "";
			targets = (
				8FA816DE1C4E1EFD00F47DDD /* 03-UIView与UIViewController基本概念 */,
				8FA816F71C4E1EFD00F47DDD /* 03-UIView与UIViewController基本概念Tests */,
			);
		};
/* End PBXProject section */

/* Begin PBXResourcesBuildPhase section */
		8FA816DD1C4E1EFD00F47DDD /* Resources */ = {
			isa = PBXResourcesBuildPhase;
			buildActionMask = 2147483647;
			files = (
				8FA816F31C4E1EFD00F47DDD /* LaunchScreen.xib in Resources */,
				8FA816F01C4E1EFD00F47DDD /* Images.xcassets in Resources */,
			);
			runOnlyForDeploymentPostprocessing = 0;
		};
		8FA816F61C4E1EFD00F47DDD /* Resources */ = {
			isa = PBXResourcesBuildPhase;
			buildActionMask = 2147483647;
			files = (
			);
			runOnlyForDeploymentPostprocessing = 0;
		};
/* End PBXResourcesBuildPhase section */

/* Begin PBXSourcesBuildPhase section */
		8FA816DB1C4E1EFD00F47DDD /* Sources */ = {
			isa = PBXSourcesBuildPhase;
			buildActionMask = 2147483647;
			files = (
				8FA8170A1C4E256300F47DDD /* GPBookListViewController.m in Sources */,
				8FA816E81C4E1EFD00F47DDD /* AppDelegate.m in Sources */,
				8FA816E51C4E1EFD00F47DDD /* main.m in Sources */,
			);
			runOnlyForDeploymentPostprocessing = 0;
		};
		8FA816F41C4E1EFD00F47DDD /* Sources */ = {
			isa = PBXSourcesBuildPhase;
			buildActionMask = 2147483647;
			files = (
				8FA816FF1C4E1EFD00F47DDD /* _3_UIView_UIViewController____Tests.m in Sources */,
			);
			runOnlyForDeploymentPostprocessing = 0;
		};
/* End PBXSourcesBuildPhase section */

/* Begin PBXTargetDependency section */
		8FA816FA1C4E1EFD00F47DDD /* PBXTargetDependency */ = {
			isa = PBXTargetDependency;
			target = 8FA816DE1C4E1EFD00F47DDD /* 03-UIView与UIViewController基本概念 */;
			targetProxy = 8FA816F91C4E1EFD00F47DDD /* PBXContainerItemProxy */;
		};
/* End PBXTargetDependency section */

/* Begin PBXVariantGroup section */
		8FA816F11C4E1EFD00F47DDD /* LaunchScreen.xib */ = {
			isa = PBXVariantGroup;
			children = (
				8FA816F21C4E1EFD00F47DDD /* Base */,
			);
			name = LaunchScreen.xib;
			sourceTree = "<group>";
		};
/* End PBXVariantGroup section */

/* Begin XCBuildConfiguration section */
		8FA817001C4E1EFD00F47DDD /* Debug */ = {
			isa = XCBuildConfiguration;
			buildSettings = {
				ALWAYS_SEARCH_USER_PATHS = NO;
				CLANG_CXX_LANGUAGE_STANDARD = "gnu++0x";
				CLANG_CXX_LIBRARY = "libc++";
				CLANG_ENABLE_MODULES = YES;
				CLANG_ENABLE_OBJC_ARC = YES;
				CLANG_WARN_BOOL_CONVERSION = YES;
				CLANG_WARN_CONSTANT_CONVERSION = YES;
				CLANG_WARN_DIRECT_OBJC_ISA_USAGE = YES_ERROR;
				CLANG_WARN_EMPTY_BODY = YES;
				CLANG_WARN_ENUM_CONVERSION = YES;
				CLANG_WARN_INT_CONVERSION = YES;
				CLANG_WARN_OBJC_ROOT_CLASS = YES_ERROR;
				CLANG_WARN_UNREACHABLE_CODE = YES;
				CLANG_WARN__DUPLICATE_METHOD_MATCH = YES;
				"CODE_SIGN_IDENTITY[sdk=iphoneos*]" = "iPhone Developer";
				COPY_PHASE_STRIP = NO;
				DEBUG_INFORMATION_FORMAT = "dwarf-with-dsym";
				ENABLE_STRICT_OBJC_MSGSEND = YES;
				GCC_C_LANGUAGE_STANDARD = gnu99;
				GCC_DYNAMIC_NO_PIC = NO;
				GCC_NO_COMMON_BLOCKS = YES;
				GCC_OPTIMIZATION_LEVEL = 0;
				GCC_PREPROCESSOR_DEFINITIONS = (
					"DEBUG=1",
					"$(inherited)",
				);
				GCC_SYMBOLS_PRIVATE_EXTERN = NO;
				GCC_WARN_64_TO_32_BIT_CONVERSION = YES;
				GCC_WARN_ABOUT_RETURN_TYPE = YES_ERROR;
				GCC_WARN_UNDECLARED_SELECTOR = YES;
				GCC_WARN_UNINITIALIZED_AUTOS = YES_AGGRESSIVE;
				GCC_WARN_UNUSED_FUNCTION = YES;
				GCC_WARN_UNUSED_VARIABLE = YES;
				IPHONEOS_DEPLOYMENT_TARGET = 8.4;
				MTL_ENABLE_DEBUG_INFO = YES;
				ONLY_ACTIVE_ARCH = YES;
				SDKROOT = iphoneos;
			};
			name = Debug;
		};
		8FA817011C4E1EFD00F47DDD /* Release */ = {
			isa = XCBuildConfiguration;
			buildSettings = {
				ALWAYS_SEARCH_USER_PATHS = NO;
				CLANG_CXX_LANGUAGE_STANDARD = "gnu++0x";
				CLANG_CXX_LIBRARY = "libc++";
				CLANG_ENABLE_MODULES = YES;
				CLANG_ENABLE_OBJC_ARC = YES;
				CLANG_WARN_BOOL_CONVERSION = YES;
				CLANG_WARN_CONSTANT_CONVERSION = YES;
				CLANG_WARN_DIRECT_OBJC_ISA_USAGE = YES_ERROR;
				CLANG_WARN_EMPTY_BODY = YES;
				CLANG_WARN_ENUM_CONVERSION = YES;
				CLANG_WARN_INT_CONVERSION = YES;
				CLANG_WARN_OBJC_ROOT_CLASS = YES_ERROR;
				CLANG_WARN_UNREACHABLE_CODE = YES;
				CLANG_WARN__DUPLICATE_METHOD_MATCH = YES;
				"CODE_SIGN_IDENTITY[sdk=iphoneos*]" = "iPhone Developer";
				COPY_PHASE_STRIP = NO;
				DEBUG_INFORMATION_FORMAT = "dwarf-with-dsym";
				ENABLE_NS_ASSERTIONS = NO;
				ENABLE_STRICT_OBJC_MSGSEND = YES;
				GCC_C_LANGUAGE_STANDARD = gnu99;
				GCC_NO_COMMON_BLOCKS = YES;
				GCC_WARN_64_TO_32_BIT_CONVERSION = YES;
				GCC_WARN_ABOUT_RETURN_TYPE = YES_ERROR;
				GCC_WARN_UNDECLARED_SELECTOR = YES;
				GCC_WARN_UNINITIALIZED_AUTOS = YES_AGGRESSIVE;
				GCC_WARN_UNUSED_FUNCTION = YES;
				GCC_WARN_UNUSED_VARIABLE = YES;
				IPHONEOS_DEPLOYMENT_TARGET = 8.4;
				MTL_ENABLE_DEBUG_INFO = NO;
				SDKROOT = iphoneos;
				VALIDATE_PRODUCT = YES;
			};
			name = Release;
		};
		8FA817031C4E1EFD00F47DDD /* Debug */ = {
			isa = XCBuildConfiguration;
			buildSettings = {
				ASSETCATALOG_COMPILER_APPICON_NAME = AppIcon;
				INFOPLIST_FILE = "03-UIView与UIViewController基本概念/Info.plist";
				LD_RUNPATH_SEARCH_PATHS = "$(inherited) @executable_path/Frameworks";
				PRODUCT_NAME = "$(TARGET_NAME)";
			};
			name = Debug;
		};
		8FA817041C4E1EFD00F47DDD /* Release */ = {
			isa = XCBuildConfiguration;
			buildSettings = {
				ASSETCATALOG_COMPILER_APPICON_NAME = AppIcon;
				INFOPLIST_FILE = "03-UIView与UIViewController基本概念/Info.plist";
				LD_RUNPATH_SEARCH_PATHS = "$(inherited) @executable_path/Frameworks";
				PRODUCT_NAME = "$(TARGET_NAME)";
			};
			name = Release;
		};
		8FA817061C4E1EFD00F47DDD /* Debug */ = {
			isa = XCBuildConfiguration;
			buildSettings = {
				BUNDLE_LOADER = "$(TEST_HOST)";
				FRAMEWORK_SEARCH_PATHS = (
					"$(SDKROOT)/Developer/Library/Frameworks",
					"$(inherited)",
				);
				GCC_PREPROCESSOR_DEFINITIONS = (
					"DEBUG=1",
					"$(inherited)",
				);
				INFOPLIST_FILE = "03-UIView与UIViewController基本概念Tests/Info.plist";
				LD_RUNPATH_SEARCH_PATHS = "$(inherited) @executable_path/Frameworks @loader_path/Frameworks";
				PRODUCT_NAME = "$(TARGET_NAME)";
				TEST_HOST = "$(BUILT_PRODUCTS_DIR)/03-UIView与UIViewController基本概念.app/03-UIView与UIViewController基本概念";
			};
			name = Debug;
		};
		8FA817071C4E1EFD00F47DDD /* Release */ = {
			isa = XCBuildConfiguration;
			buildSettings = {
				BUNDLE_LOADER = "$(TEST_HOST)";
				FRAMEWORK_SEARCH_PATHS = (
					"$(SDKROOT)/Developer/Library/Frameworks",
					"$(inherited)",
				);
				INFOPLIST_FILE = "03-UIView与UIViewController基本概念Tests/Info.plist";
				LD_RUNPATH_SEARCH_PATHS = "$(inherited) @executable_path/Frameworks @loader_path/Frameworks";
				PRODUCT_NAME = "$(TARGET_NAME)";
				TEST_HOST = "$(BUILT_PRODUCTS_DIR)/03-UIView与UIViewController基本概念.app/03-UIView与UIViewController基本概念";
			};
			name = Release;
		};
/* End XCBuildConfiguration section */

/* Begin XCConfigurationList section */
		8FA816DA1C4E1EFD00F47DDD /* Build configuration list for PBXProject "03-UIView与UIViewController基本概念" */ = {
			isa = XCConfigurationList;
			buildConfigurations = (
				8FA817001C4E1EFD00F47DDD /* Debug */,
				8FA817011C4E1EFD00F47DDD /* Release */,
			);
			defaultConfigurationIsVisible = 0;
			defaultConfigurationName = Release;
		};
		8FA817021C4E1EFD00F47DDD /* Build configuration list for PBXNativeTarget "03-UIView与UIViewController基本概念" */ = {
			isa = XCConfigurationList;
			buildConfigurations = (
				8FA817031C4E1EFD00F47DDD /* Debug */,
				8FA817041C4E1EFD00F47DDD /* Release */,
			);
			defaultConfigurationIsVisible = 0;
		};
		8FA817051C4E1EFD00F47DDD /* Build configuration list for PBXNativeTarget "03-UIView与UIViewController基本概念Tests" */ = {
			isa = XCConfigurationList;
			buildConfigurations = (
				8FA817061C4E1EFD00F47DDD /* Debug */,
				8FA817071C4E1EFD00F47DDD /* Release */,
			);
			defaultConfigurationIsVisible = 0;
		};
/* End XCConfigurationList section */
	};
	rootObject = 8FA816D71C4E1EFD00F47DDD /* Project object */;
}
