// !$*UTF8*$!
{
	archiveVersion = 1;
	classes = {
	};
	objectVersion = 46;
	objects = {

/* Begin PBXBuildFile section */
		887059DA1BECDEFC00CE557E /* main.m in Sources */ = {isa = PBXBuildFile; fileRef = 887059D91BECDEFC00CE557E /* main.m */; };
		887059DD1BECDEFC00CE557E /* AppDelegate.m in Sources */ = {isa = PBXBuildFile; fileRef = 887059DC1BECDEFC00CE557E /* AppDelegate.m */; };
		887059E01BECDEFC00CE557E /* ViewController.m in Sources */ = {isa = PBXBuildFile; fileRef = 887059DF1BECDEFC00CE557E /* ViewController.m */; };
		887059E31BECDEFC00CE557E /* Main.storyboard in Resources */ = {isa = PBXBuildFile; fileRef = 887059E11BECDEFC00CE557E /* Main.storyboard */; };
		887059E51BECDEFC00CE557E /* Assets.xcassets in Resources */ = {isa = PBXBuildFile; fileRef = 887059E41BECDEFC00CE557E /* Assets.xcassets */; };
		887059E81BECDEFC00CE557E /* LaunchScreen.storyboard in Resources */ = {isa = PBXBuildFile; fileRef = 887059E61BECDEFC00CE557E /* LaunchScreen.storyboard */; };
/* End PBXBuildFile section */

/* Begin PBXFileReference section */
		887059D51BECDEFC00CE557E /* CoreLocation.app */ = {isa = PBXFileReference; explicitFileType = wrapper.application; includeInIndex = 0; path = CoreLocation.app; sourceTree = BUILT_PRODUCTS_DIR; };
		887059D91BECDEFC00CE557E /* main.m */ = {isa = PBXFileReference; lastKnownFileType = sourcecode.c.objc; path = main.m; sourceTree = "<group>"; };
		887059DB1BECDEFC00CE557E /* AppDelegate.h */ = {isa = PBXFileReference; lastKnownFileType = sourcecode.c.h; path = AppDelegate.h; sourceTree = "<group>"; };
		887059DC1BECDEFC00CE557E /* AppDelegate.m */ = {isa = PBXFileReference; lastKnownFileType = sourcecode.c.objc; path = AppDelegate.m; sourceTree = "<group>"; };
		887059DE1BECDEFC00CE557E /* ViewController.h */ = {isa = PBXFileReference; lastKnownFileType = sourcecode.c.h; path = ViewController.h; sourceTree = "<group>"; };
		887059DF1BECDEFC00CE557E /* ViewController.m */ = {isa = PBXFileReference; lastKnownFileType = sourcecode.c.objc; path = ViewController.m; sourceTree = "<group>"; };
		887059E21BECDEFC00CE557E /* Base */ = {isa = PBXFileReference; lastKnownFileType = file.storyboard; name = Base; path = Base.lproj/Main.storyboard; sourceTree = "<group>"; };
		887059E41BECDEFC00CE557E /* Assets.xcassets */ = {isa = PBXFileReference; lastKnownFileType = folder.assetcatalog; path = Assets.xcassets; sourceTree = "<group>"; };
		887059E71BECDEFC00CE557E /* Base */ = {isa = PBXFileReference; lastKnownFileType = file.storyboard; name = Base; path = Base.lproj/LaunchScreen.storyboard; sourceTree = "<group>"; };
		887059E91BECDEFC00CE557E /* Info.plist */ = {isa = PBXFileReference; lastKnownFileType = text.plist.xml; path = Info.plist; sourceTree = "<group>"; };
/* End PBXFileReference section */

/* Begin PBXFrameworksBuildPhase section */
		887059D21BECDEFC00CE557E /* Frameworks */ = {
			isa = PBXFrameworksBuildPhase;
			buildActionMask = 2147483647;
			files = (
			);
			runOnlyForDeploymentPostprocessing = 0;
		};
/* End PBXFrameworksBuildPhase section */

/* Begin PBXGroup section */
		887059CC1BECDEFC00CE557E = {
			isa = PBXGroup;
			children = (
				887059D71BECDEFC00CE557E /* CoreLocation */,
				887059D61BECDEFC00CE557E /* Products */,
			);
			sourceTree = "<group>";
		};
		887059D61BECDEFC00CE557E /* Products */ = {
			isa = PBXGroup;
			children = (
				887059D51BECDEFC00CE557E /* CoreLocation.app */,
			);
			name = Products;
			sourceTree = "<group>";
		};
		887059D71BECDEFC00CE557E /* CoreLocation */ = {
			isa = PBXGroup;
			children = (
				887059DB1BECDEFC00CE557E /* AppDelegate.h */,
				887059DC1BECDEFC00CE557E /* AppDelegate.m */,
				887059DE1BECDEFC00CE557E /* ViewController.h */,
				887059DF1BECDEFC00CE557E /* ViewController.m */,
				887059E11BECDEFC00CE557E /* Main.storyboard */,
				887059E41BECDEFC00CE557E /* Assets.xcassets */,
				887059E61BECDEFC00CE557E /* LaunchScreen.storyboard */,
				887059E91BECDEFC00CE557E /* Info.plist */,
				887059D81BECDEFC00CE557E /* Supporting Files */,
			);
			path = CoreLocation;
			sourceTree = "<group>";
		};
		887059D81BECDEFC00CE557E /* Supporting Files */ = {
			isa = PBXGroup;
			children = (
				887059D91BECDEFC00CE557E /* main.m */,
			);
			name = "Supporting Files";
			sourceTree = "<group>";
		};
/* End PBXGroup section */

/* Begin PBXNativeTarget section */
		887059D41BECDEFC00CE557E /* CoreLocation */ = {
			isa = PBXNativeTarget;
			buildConfigurationList = 887059EC1BECDEFC00CE557E /* Build configuration list for PBXNativeTarget "CoreLocation" */;
			buildPhases = (
				887059D11BECDEFC00CE557E /* Sources */,
				887059D21BECDEFC00CE557E /* Frameworks */,
				887059D31BECDEFC00CE557E /* Resources */,
			);
			buildRules = (
			);
			dependencies = (
			);
			name = CoreLocation;
			productName = CoreLocation;
			productReference = 887059D51BECDEFC00CE557E /* CoreLocation.app */;
			productType = "com.apple.product-type.application";
		};
/* End PBXNativeTarget section */

/* Begin PBXProject section */
		887059CD1BECDEFC00CE557E /* Project object */ = {
			isa = PBXProject;
			attributes = {
				LastUpgradeCheck = 0710;
				ORGANIZATIONNAME = mhz;
				TargetAttributes = {
					887059D41BECDEFC00CE557E = {
						CreatedOnToolsVersion = 7.1;
					};
				};
			};
			buildConfigurationList = 887059D01BECDEFC00CE557E /* Build configuration list for PBXProject "CoreLocation" */;
			compatibilityVersion = "Xcode 3.2";
			developmentRegion = English;
			hasScannedForEncodings = 0;
			knownRegions = (
				en,
				Base,
			);
			mainGroup = 887059CC1BECDEFC00CE557E;
			productRefGroup = 887059D61BECDEFC00CE557E /* Products */;
			projectDirPath = "";
			projectRoot = "";
			targets = (
				887059D41BECDEFC00CE557E /* CoreLocation */,
			);
		};
/* End PBXProject section */

/* Begin PBXResourcesBuildPhase section */
		887059D31BECDEFC00CE557E /* Resources */ = {
			isa = PBXResourcesBuildPhase;
			buildActionMask = 2147483647;
			files = (
				887059E81BECDEFC00CE557E /* LaunchScreen.storyboard in Resources */,
				887059E51BECDEFC00CE557E /* Assets.xcassets in Resources */,
				887059E31BECDEFC00CE557E /* Main.storyboard in Resources */,
			);
			runOnlyForDeploymentPostprocessing = 0;
		};
/* End PBXResourcesBuildPhase section */

/* Begin PBXSourcesBuildPhase section */
		887059D11BECDEFC00CE557E /* Sources */ = {
			isa = PBXSourcesBuildPhase;
			buildActionMask = 2147483647;
			files = (
				887059E01BECDEFC00CE557E /* ViewController.m in Sources */,
				887059DD1BECDEFC00CE557E /* AppDelegate.m in Sources */,
				887059DA1BECDEFC00CE557E /* main.m in Sources */,
			);
			runOnlyForDeploymentPostprocessing = 0;
		};
/* End PBXSourcesBuildPhase section */

/* Begin PBXVariantGroup section */
		887059E11BECDEFC00CE557E /* Main.storyboard */ = {
			isa = PBXVariantGroup;
			children = (
				887059E21BECDEFC00CE557E /* Base */,
			);
			name = Main.storyboard;
			sourceTree = "<group>";
		};
		887059E61BECDEFC00CE557E /* LaunchScreen.storyboard */ = {
			isa = PBXVariantGroup;
			children = (
				887059E71BECDEFC00CE557E /* Base */,
			);
			name = LaunchScreen.storyboard;
			sourceTree = "<group>";
		};
/* End PBXVariantGroup section */

/* Begin XCBuildConfiguration section */
		887059EA1BECDEFC00CE557E /* Debug */ = {
			isa = XCBuildConfiguration;
			buildSettings = {
				ALWAYS_SEARCH_USER_PATHS = NO;
				CLANG_CXX_LANGUAGE_STANDARD = "gnu++0x";
				CLANG_CXX_LIBRARY = "libc++";
				CLANG_ENABLE_MODULES = YES;
				CLANG_ENABLE_OBJC_ARC = YES;
				CLANG_WARN_BOOL_CONVERSION = YES;
				CLANG_WARN_CONSTANT_CONVERSION = YES;
				CLANG_WARN_DIRECT_OBJC_ISA_USAGE = YES_ERROR;
				CLANG_WARN_EMPTY_BODY = YES;
				CLANG_WARN_ENUM_CONVERSION = YES;
				CLANG_WARN_INT_CONVERSION = YES;
				CLANG_WARN_OBJC_ROOT_CLASS = YES_ERROR;
				CLANG_WARN_UNREACHABLE_CODE = YES;
				CLANG_WARN__DUPLICATE_METHOD_MATCH = YES;
				"CODE_SIGN_IDENTITY[sdk=iphoneos*]" = "iPhone Developer";
				COPY_PHASE_STRIP = NO;
				DEBUG_INFORMATION_FORMAT = dwarf;
				ENABLE_STRICT_OBJC_MSGSEND = YES;
				ENABLE_TESTABILITY = YES;
				GCC_C_LANGUAGE_STANDARD = gnu99;
				GCC_DYNAMIC_NO_PIC = NO;
				GCC_NO_COMMON_BLOCKS = YES;
				GCC_OPTIMIZATION_LEVEL = 0;
				GCC_PREPROCESSOR_DEFINITIONS = (
					"DEBUG=1",
					"$(inherited)",
				);
				GCC_WARN_64_TO_32_BIT_CONVERSION = YES;
				GCC_WARN_ABOUT_RETURN_TYPE = YES_ERROR;
				GCC_WARN_UNDECLARED_SELECTOR = YES;
				GCC_WARN_UNINITIALIZED_AUTOS = YES_AGGRESSIVE;
				GCC_WARN_UNUSED_FUNCTION = YES;
				GCC_WARN_UNUSED_VARIABLE = YES;
				IPHONEOS_DEPLOYMENT_TARGET = 9.1;
				MTL_ENABLE_DEBUG_INFO = YES;
				ONLY_ACTIVE_ARCH = YES;
				SDKROOT = iphoneos;
			};
			name = Debug;
		};
		887059EB1BECDEFC00CE557E /* Release */ = {
			isa = XCBuildConfiguration;
			buildSettings = {
				ALWAYS_SEARCH_USER_PATHS = NO;
				CLANG_CXX_LANGUAGE_STANDARD = "gnu++0x";
				CLANG_CXX_LIBRARY = "libc++";
				CLANG_ENABLE_MODULES = YES;
				CLANG_ENABLE_OBJC_ARC = YES;
				CLANG_WARN_BOOL_CONVERSION = YES;
				CLANG_WARN_CONSTANT_CONVERSION = YES;
				CLANG_WARN_DIRECT_OBJC_ISA_USAGE = YES_ERROR;
				CLANG_WARN_EMPTY_BODY = YES;
				CLANG_WARN_ENUM_CONVERSION = YES;
				CLANG_WARN_INT_CONVERSION = YES;
				CLANG_WARN_OBJC_ROOT_CLASS = YES_ERROR;
				CLANG_WARN_UNREACHABLE_CODE = YES;
				CLANG_WARN__DUPLICATE_METHOD_MATCH = YES;
				"CODE_SIGN_IDENTITY[sdk=iphoneos*]" = "iPhone Developer";
				COPY_PHASE_STRIP = NO;
				DEBUG_INFORMATION_FORMAT = "dwarf-with-dsym";
				ENABLE_NS_ASSERTIONS = NO;
				ENABLE_STRICT_OBJC_MSGSEND = YES;
				GCC_C_LANGUAGE_STANDARD = gnu99;
				GCC_NO_COMMON_BLOCKS = YES;
				GCC_WARN_64_TO_32_BIT_CONVERSION = YES;
				GCC_WARN_ABOUT_RETURN_TYPE = YES_ERROR;
				GCC_WARN_UNDECLARED_SELECTOR = YES;
				GCC_WARN_UNINITIALIZED_AUTOS = YES_AGGRESSIVE;
				GCC_WARN_UNUSED_FUNCTION = YES;
				GCC_WARN_UNUSED_VARIABLE = YES;
				IPHONEOS_DEPLOYMENT_TARGET = 9.1;
				MTL_ENABLE_DEBUG_INFO = NO;
				SDKROOT = iphoneos;
				VALIDATE_PRODUCT = YES;
			};
			name = Release;
		};
		887059ED1BECDEFC00CE557E /* Debug */ = {
			isa = XCBuildConfiguration;
			buildSettings = {
				ASSETCATALOG_COMPILER_APPICON_NAME = AppIcon;
				INFOPLIST_FILE = CoreLocation/Info.plist;
				LD_RUNPATH_SEARCH_PATHS = "$(inherited) @executable_path/Frameworks";
				PRODUCT_BUNDLE_IDENTIFIER = com.mhz.CoreLocation;
				PRODUCT_NAME = "$(TARGET_NAME)";
			};
			name = Debug;
		};
		887059EE1BECDEFC00CE557E /* Release */ = {
			isa = XCBuildConfiguration;
			buildSettings = {
				ASSETCATALOG_COMPILER_APPICON_NAME = AppIcon;
				INFOPLIST_FILE = CoreLocation/Info.plist;
				LD_RUNPATH_SEARCH_PATHS = "$(inherited) @executable_path/Frameworks";
				PRODUCT_BUNDLE_IDENTIFIER = com.mhz.CoreLocation;
				PRODUCT_NAME = "$(TARGET_NAME)";
			};
			name = Release;
		};
/* End XCBuildConfiguration section */

/* Begin XCConfigurationList section */
		887059D01BECDEFC00CE557E /* Build configuration list for PBXProject "CoreLocation" */ = {
			isa = XCConfigurationList;
			buildConfigurations = (
				887059EA1BECDEFC00CE557E /* Debug */,
				887059EB1BECDEFC00CE557E /* Release */,
			);
			defaultConfigurationIsVisible = 0;
			defaultConfigurationName = Release;
		};
		887059EC1BECDEFC00CE557E /* Build configuration list for PBXNativeTarget "CoreLocation" */ = {
			isa = XCConfigurationList;
			buildConfigurations = (
				887059ED1BECDEFC00CE557E /* Debug */,
				887059EE1BECDEFC00CE557E /* Release */,
			);
			defaultConfigurationIsVisible = 0;
		};
/* End XCConfigurationList section */
	};
	rootObject = 887059CD1BECDEFC00CE557E /* Project object */;
}
