// !$*UTF8*$!
{
	archiveVersion = 1;
	classes = {
	};
	objectVersion = 46;
	objects = {

/* Begin PBXBuildFile section */
		88DCD9981BCC8D7F00A96013 /* main.m in Sources */ = {isa = PBXBuildFile; fileRef = 88DCD9971BCC8D7F00A96013 /* main.m */; };
		88DCD99B1BCC8D7F00A96013 /* AppDelegate.m in Sources */ = {isa = PBXBuildFile; fileRef = 88DCD99A1BCC8D7F00A96013 /* AppDelegate.m */; };
		88DCD99E1BCC8D7F00A96013 /* ViewController.m in Sources */ = {isa = PBXBuildFile; fileRef = 88DCD99D1BCC8D7F00A96013 /* ViewController.m */; };
		88DCD9A11BCC8D7F00A96013 /* Main.storyboard in Resources */ = {isa = PBXBuildFile; fileRef = 88DCD99F1BCC8D7F00A96013 /* Main.storyboard */; };
		88DCD9A31BCC8D7F00A96013 /* Assets.xcassets in Resources */ = {isa = PBXBuildFile; fileRef = 88DCD9A21BCC8D7F00A96013 /* Assets.xcassets */; };
		88DCD9A61BCC8D7F00A96013 /* LaunchScreen.storyboard in Resources */ = {isa = PBXBuildFile; fileRef = 88DCD9A41BCC8D7F00A96013 /* LaunchScreen.storyboard */; };
/* End PBXBuildFile section */

/* Begin PBXFileReference section */
		88DCD9931BCC8D7F00A96013 /* 02-UIDynamic-捕捉行为.app */ = {isa = PBXFileReference; explicitFileType = wrapper.application; includeInIndex = 0; path = "02-UIDynamic-捕捉行为.app"; sourceTree = BUILT_PRODUCTS_DIR; };
		88DCD9971BCC8D7F00A96013 /* main.m */ = {isa = PBXFileReference; lastKnownFileType = sourcecode.c.objc; path = main.m; sourceTree = "<group>"; };
		88DCD9991BCC8D7F00A96013 /* AppDelegate.h */ = {isa = PBXFileReference; lastKnownFileType = sourcecode.c.h; path = AppDelegate.h; sourceTree = "<group>"; };
		88DCD99A1BCC8D7F00A96013 /* AppDelegate.m */ = {isa = PBXFileReference; lastKnownFileType = sourcecode.c.objc; path = AppDelegate.m; sourceTree = "<group>"; };
		88DCD99C1BCC8D7F00A96013 /* ViewController.h */ = {isa = PBXFileReference; lastKnownFileType = sourcecode.c.h; path = ViewController.h; sourceTree = "<group>"; };
		88DCD99D1BCC8D7F00A96013 /* ViewController.m */ = {isa = PBXFileReference; lastKnownFileType = sourcecode.c.objc; path = ViewController.m; sourceTree = "<group>"; };
		88DCD9A01BCC8D7F00A96013 /* Base */ = {isa = PBXFileReference; lastKnownFileType = file.storyboard; name = Base; path = Base.lproj/Main.storyboard; sourceTree = "<group>"; };
		88DCD9A21BCC8D7F00A96013 /* Assets.xcassets */ = {isa = PBXFileReference; lastKnownFileType = folder.assetcatalog; path = Assets.xcassets; sourceTree = "<group>"; };
		88DCD9A51BCC8D7F00A96013 /* Base */ = {isa = PBXFileReference; lastKnownFileType = file.storyboard; name = Base; path = Base.lproj/LaunchScreen.storyboard; sourceTree = "<group>"; };
		88DCD9A71BCC8D7F00A96013 /* Info.plist */ = {isa = PBXFileReference; lastKnownFileType = text.plist.xml; path = Info.plist; sourceTree = "<group>"; };
/* End PBXFileReference section */

/* Begin PBXFrameworksBuildPhase section */
		88DCD9901BCC8D7F00A96013 /* Frameworks */ = {
			isa = PBXFrameworksBuildPhase;
			buildActionMask = 2147483647;
			files = (
			);
			runOnlyForDeploymentPostprocessing = 0;
		};
/* End PBXFrameworksBuildPhase section */

/* Begin PBXGroup section */
		88DCD98A1BCC8D7F00A96013 = {
			isa = PBXGroup;
			children = (
				88DCD9951BCC8D7F00A96013 /* 02-UIDynamic-捕捉行为 */,
				88DCD9941BCC8D7F00A96013 /* Products */,
			);
			sourceTree = "<group>";
		};
		88DCD9941BCC8D7F00A96013 /* Products */ = {
			isa = PBXGroup;
			children = (
				88DCD9931BCC8D7F00A96013 /* 02-UIDynamic-捕捉行为.app */,
			);
			name = Products;
			sourceTree = "<group>";
		};
		88DCD9951BCC8D7F00A96013 /* 02-UIDynamic-捕捉行为 */ = {
			isa = PBXGroup;
			children = (
				88DCD9991BCC8D7F00A96013 /* AppDelegate.h */,
				88DCD99A1BCC8D7F00A96013 /* AppDelegate.m */,
				88DCD99C1BCC8D7F00A96013 /* ViewController.h */,
				88DCD99D1BCC8D7F00A96013 /* ViewController.m */,
				88DCD99F1BCC8D7F00A96013 /* Main.storyboard */,
				88DCD9A21BCC8D7F00A96013 /* Assets.xcassets */,
				88DCD9A41BCC8D7F00A96013 /* LaunchScreen.storyboard */,
				88DCD9A71BCC8D7F00A96013 /* Info.plist */,
				88DCD9961BCC8D7F00A96013 /* Supporting Files */,
			);
			path = "02-UIDynamic-捕捉行为";
			sourceTree = "<group>";
		};
		88DCD9961BCC8D7F00A96013 /* Supporting Files */ = {
			isa = PBXGroup;
			children = (
				88DCD9971BCC8D7F00A96013 /* main.m */,
			);
			name = "Supporting Files";
			sourceTree = "<group>";
		};
/* End PBXGroup section */

/* Begin PBXNativeTarget section */
		88DCD9921BCC8D7F00A96013 /* 02-UIDynamic-捕捉行为 */ = {
			isa = PBXNativeTarget;
			buildConfigurationList = 88DCD9AA1BCC8D7F00A96013 /* Build configuration list for PBXNativeTarget "02-UIDynamic-捕捉行为" */;
			buildPhases = (
				88DCD98F1BCC8D7F00A96013 /* Sources */,
				88DCD9901BCC8D7F00A96013 /* Frameworks */,
				88DCD9911BCC8D7F00A96013 /* Resources */,
			);
			buildRules = (
			);
			dependencies = (
			);
			name = "02-UIDynamic-捕捉行为";
			productName = "02-UIDynamic-捕捉行为";
			productReference = 88DCD9931BCC8D7F00A96013 /* 02-UIDynamic-捕捉行为.app */;
			productType = "com.apple.product-type.application";
		};
/* End PBXNativeTarget section */

/* Begin PBXProject section */
		88DCD98B1BCC8D7F00A96013 /* Project object */ = {
			isa = PBXProject;
			attributes = {
				LastUpgradeCheck = 0700;
				ORGANIZATIONNAME = mhz;
				TargetAttributes = {
					88DCD9921BCC8D7F00A96013 = {
						CreatedOnToolsVersion = 7.0.1;
					};
				};
			};
			buildConfigurationList = 88DCD98E1BCC8D7F00A96013 /* Build configuration list for PBXProject "02-UIDynamic-捕捉行为" */;
			compatibilityVersion = "Xcode 3.2";
			developmentRegion = English;
			hasScannedForEncodings = 0;
			knownRegions = (
				en,
				Base,
			);
			mainGroup = 88DCD98A1BCC8D7F00A96013;
			productRefGroup = 88DCD9941BCC8D7F00A96013 /* Products */;
			projectDirPath = "";
			projectRoot = "";
			targets = (
				88DCD9921BCC8D7F00A96013 /* 02-UIDynamic-捕捉行为 */,
			);
		};
/* End PBXProject section */

/* Begin PBXResourcesBuildPhase section */
		88DCD9911BCC8D7F00A96013 /* Resources */ = {
			isa = PBXResourcesBuildPhase;
			buildActionMask = 2147483647;
			files = (
				88DCD9A61BCC8D7F00A96013 /* LaunchScreen.storyboard in Resources */,
				88DCD9A31BCC8D7F00A96013 /* Assets.xcassets in Resources */,
				88DCD9A11BCC8D7F00A96013 /* Main.storyboard in Resources */,
			);
			runOnlyForDeploymentPostprocessing = 0;
		};
/* End PBXResourcesBuildPhase section */

/* Begin PBXSourcesBuildPhase section */
		88DCD98F1BCC8D7F00A96013 /* Sources */ = {
			isa = PBXSourcesBuildPhase;
			buildActionMask = 2147483647;
			files = (
				88DCD99E1BCC8D7F00A96013 /* ViewController.m in Sources */,
				88DCD99B1BCC8D7F00A96013 /* AppDelegate.m in Sources */,
				88DCD9981BCC8D7F00A96013 /* main.m in Sources */,
			);
			runOnlyForDeploymentPostprocessing = 0;
		};
/* End PBXSourcesBuildPhase section */

/* Begin PBXVariantGroup section */
		88DCD99F1BCC8D7F00A96013 /* Main.storyboard */ = {
			isa = PBXVariantGroup;
			children = (
				88DCD9A01BCC8D7F00A96013 /* Base */,
			);
			name = Main.storyboard;
			sourceTree = "<group>";
		};
		88DCD9A41BCC8D7F00A96013 /* LaunchScreen.storyboard */ = {
			isa = PBXVariantGroup;
			children = (
				88DCD9A51BCC8D7F00A96013 /* Base */,
			);
			name = LaunchScreen.storyboard;
			sourceTree = "<group>";
		};
/* End PBXVariantGroup section */

/* Begin XCBuildConfiguration section */
		88DCD9A81BCC8D7F00A96013 /* Debug */ = {
			isa = XCBuildConfiguration;
			buildSettings = {
				ALWAYS_SEARCH_USER_PATHS = NO;
				CLANG_CXX_LANGUAGE_STANDARD = "gnu++0x";
				CLANG_CXX_LIBRARY = "libc++";
				CLANG_ENABLE_MODULES = YES;
				CLANG_ENABLE_OBJC_ARC = YES;
				CLANG_WARN_BOOL_CONVERSION = YES;
				CLANG_WARN_CONSTANT_CONVERSION = YES;
				CLANG_WARN_DIRECT_OBJC_ISA_USAGE = YES_ERROR;
				CLANG_WARN_EMPTY_BODY = YES;
				CLANG_WARN_ENUM_CONVERSION = YES;
				CLANG_WARN_INT_CONVERSION = YES;
				CLANG_WARN_OBJC_ROOT_CLASS = YES_ERROR;
				CLANG_WARN_UNREACHABLE_CODE = YES;
				CLANG_WARN__DUPLICATE_METHOD_MATCH = YES;
				"CODE_SIGN_IDENTITY[sdk=iphoneos*]" = "iPhone Developer";
				COPY_PHASE_STRIP = NO;
				DEBUG_INFORMATION_FORMAT = dwarf;
				ENABLE_STRICT_OBJC_MSGSEND = YES;
				ENABLE_TESTABILITY = YES;
				GCC_C_LANGUAGE_STANDARD = gnu99;
				GCC_DYNAMIC_NO_PIC = NO;
				GCC_NO_COMMON_BLOCKS = YES;
				GCC_OPTIMIZATION_LEVEL = 0;
				GCC_PREPROCESSOR_DEFINITIONS = (
					"DEBUG=1",
					"$(inherited)",
				);
				GCC_WARN_64_TO_32_BIT_CONVERSION = YES;
				GCC_WARN_ABOUT_RETURN_TYPE = YES_ERROR;
				GCC_WARN_UNDECLARED_SELECTOR = YES;
				GCC_WARN_UNINITIALIZED_AUTOS = YES_AGGRESSIVE;
				GCC_WARN_UNUSED_FUNCTION = YES;
				GCC_WARN_UNUSED_VARIABLE = YES;
				IPHONEOS_DEPLOYMENT_TARGET = 9.0;
				MTL_ENABLE_DEBUG_INFO = YES;
				ONLY_ACTIVE_ARCH = YES;
				SDKROOT = iphoneos;
			};
			name = Debug;
		};
		88DCD9A91BCC8D7F00A96013 /* Release */ = {
			isa = XCBuildConfiguration;
			buildSettings = {
				ALWAYS_SEARCH_USER_PATHS = NO;
				CLANG_CXX_LANGUAGE_STANDARD = "gnu++0x";
				CLANG_CXX_LIBRARY = "libc++";
				CLANG_ENABLE_MODULES = YES;
				CLANG_ENABLE_OBJC_ARC = YES;
				CLANG_WARN_BOOL_CONVERSION = YES;
				CLANG_WARN_CONSTANT_CONVERSION = YES;
				CLANG_WARN_DIRECT_OBJC_ISA_USAGE = YES_ERROR;
				CLANG_WARN_EMPTY_BODY = YES;
				CLANG_WARN_ENUM_CONVERSION = YES;
				CLANG_WARN_INT_CONVERSION = YES;
				CLANG_WARN_OBJC_ROOT_CLASS = YES_ERROR;
				CLANG_WARN_UNREACHABLE_CODE = YES;
				CLANG_WARN__DUPLICATE_METHOD_MATCH = YES;
				"CODE_SIGN_IDENTITY[sdk=iphoneos*]" = "iPhone Developer";
				COPY_PHASE_STRIP = NO;
				DEBUG_INFORMATION_FORMAT = "dwarf-with-dsym";
				ENABLE_NS_ASSERTIONS = NO;
				ENABLE_STRICT_OBJC_MSGSEND = YES;
				GCC_C_LANGUAGE_STANDARD = gnu99;
				GCC_NO_COMMON_BLOCKS = YES;
				GCC_WARN_64_TO_32_BIT_CONVERSION = YES;
				GCC_WARN_ABOUT_RETURN_TYPE = YES_ERROR;
				GCC_WARN_UNDECLARED_SELECTOR = YES;
				GCC_WARN_UNINITIALIZED_AUTOS = YES_AGGRESSIVE;
				GCC_WARN_UNUSED_FUNCTION = YES;
				GCC_WARN_UNUSED_VARIABLE = YES;
				IPHONEOS_DEPLOYMENT_TARGET = 9.0;
				MTL_ENABLE_DEBUG_INFO = NO;
				SDKROOT = iphoneos;
				VALIDATE_PRODUCT = YES;
			};
			name = Release;
		};
		88DCD9AB1BCC8D7F00A96013 /* Debug */ = {
			isa = XCBuildConfiguration;
			buildSettings = {
				ASSETCATALOG_COMPILER_APPICON_NAME = AppIcon;
				INFOPLIST_FILE = "02-UIDynamic-捕捉行为/Info.plist";
				LD_RUNPATH_SEARCH_PATHS = "$(inherited) @executable_path/Frameworks";
				PRODUCT_BUNDLE_IDENTIFIER = "com.mhz.-2-UIDynamic-----";
				PRODUCT_NAME = "$(TARGET_NAME)";
			};
			name = Debug;
		};
		88DCD9AC1BCC8D7F00A96013 /* Release */ = {
			isa = XCBuildConfiguration;
			buildSettings = {
				ASSETCATALOG_COMPILER_APPICON_NAME = AppIcon;
				INFOPLIST_FILE = "02-UIDynamic-捕捉行为/Info.plist";
				LD_RUNPATH_SEARCH_PATHS = "$(inherited) @executable_path/Frameworks";
				PRODUCT_BUNDLE_IDENTIFIER = "com.mhz.-2-UIDynamic-----";
				PRODUCT_NAME = "$(TARGET_NAME)";
			};
			name = Release;
		};
/* End XCBuildConfiguration section */

/* Begin XCConfigurationList section */
		88DCD98E1BCC8D7F00A96013 /* Build configuration list for PBXProject "02-UIDynamic-捕捉行为" */ = {
			isa = XCConfigurationList;
			buildConfigurations = (
				88DCD9A81BCC8D7F00A96013 /* Debug */,
				88DCD9A91BCC8D7F00A96013 /* Release */,
			);
			defaultConfigurationIsVisible = 0;
			defaultConfigurationName = Release;
		};
		88DCD9AA1BCC8D7F00A96013 /* Build configuration list for PBXNativeTarget "02-UIDynamic-捕捉行为" */ = {
			isa = XCConfigurationList;
			buildConfigurations = (
				88DCD9AB1BCC8D7F00A96013 /* Debug */,
				88DCD9AC1BCC8D7F00A96013 /* Release */,
			);
			defaultConfigurationIsVisible = 0;
		};
/* End XCConfigurationList section */
	};
	rootObject = 88DCD98B1BCC8D7F00A96013 /* Project object */;
}
